
Microsoft Visual Studio Solution File, Format Version 12.00
# Visual Studio Version 17
VisualStudioVersion = 17.9.34902.65
MinimumVisualStudioVersion = 10.0.40219.1
Project("{FAE04EC0-301F-11D3-BF4B-00C04F79EFBC}") = "AsynchrounusTask1", "AsynchrounusTask1\AsynchrounusTask1.csproj", "{7D477185-7438-4C6A-8C6B-1937B5563BB8}"
EndProject
Global
	GlobalSection(SolutionConfigurationPlatforms) = preSolution
		Debug|Any CPU = Debug|Any CPU
		Release|Any CPU = Release|Any CPU
	EndGlobalSection
	GlobalSection(ProjectConfigurationPlatforms) = postSolution
		{7D477185-7438-4C6A-8C6B-1937B5563BB8}.Debug|Any CPU.ActiveCfg = Debug|Any CPU
		{7D477185-7438-4C6A-8C6B-1937B5563BB8}.Debug|Any CPU.Build.0 = Debug|Any CPU
		{7D477185-7438-4C6A-8C6B-1937B5563BB8}.Release|Any CPU.ActiveCfg = Release|Any CPU
		{7D477185-7438-4C6A-8C6B-1937B5563BB8}.Release|Any CPU.Build.0 = Release|Any CPU
	EndGlobalSection
	GlobalSection(SolutionProperties) = preSolution
		HideSolutionNode = FALSE
	EndGlobalSection
	GlobalSection(ExtensibilityGlobals) = postSolution
		SolutionGuid = {377B708D-59D6-4169-B6C2-665AFB6F9A38}
	EndGlobalSection
EndGlobal
